
Microsoft Visual Studio Solution File, Format Version 12.00
# Visual Studio Version 17
VisualStudioVersion = 17.5.002.0
MinimumVisualStudioVersion = 10.0.40219.1
Project("{9A19103F-16F7-4668-BE54-9A1E7A4F7556}") = "CSharpVSCodeHW", "CSharpVSCodeHW.csproj", "{61A22A1B-1DF3-46BF-9291-A027250AA324}"
EndProject
Global
	GlobalSection(SolutionConfigurationPlatforms) = preSolution
		Debug|Any CPU = Debug|Any CPU
		Release|Any CPU = Release|Any CPU
	EndGlobalSection
	GlobalSection(ProjectConfigurationPlatforms) = postSolution
		{61A22A1B-1DF3-46BF-9291-A027250AA324}.Debug|Any CPU.ActiveCfg = Debug|Any CPU
		{61A22A1B-1DF3-46BF-9291-A027250AA324}.Debug|Any CPU.Build.0 = Debug|Any CPU
		{61A22A1B-1DF3-46BF-9291-A027250AA324}.Release|Any CPU.ActiveCfg = Release|Any CPU
		{61A22A1B-1DF3-46BF-9291-A027250AA324}.Release|Any CPU.Build.0 = Release|Any CPU
	EndGlobalSection
	GlobalSection(SolutionProperties) = preSolution
		HideSolutionNode = FALSE
	EndGlobalSection
	GlobalSection(ExtensibilityGlobals) = postSolution
		SolutionGuid = {5B6962AA-DDE1-4C9C-AF87-F1F068DA0361}
	EndGlobalSection
EndGlobal
